name: Refresh Studio authoring engine lock
# Temporary branch-only lock refresh.

on:
  push:
    branches:
      - feat/583-screen-metadata-authoring-engine

permissions:
  contents: write

jobs:
  refresh:
    runs-on: ubuntu-latest
    steps:
      - name: Checkout branch
        uses: actions/checkout@v4
        with:
          ref: feat/583-screen-metadata-authoring-engine
          fetch-depth: 0

      - name: Setup Bun
        uses: oven-sh/setup-bun@v2
        with:
          bun-version: '1.4.2'

      - name: Refresh Contracts lock
        run: bun update @ankhorage/contracts --lockfile-only --ignore-scripts

      - name: Commit lockfile
        run: |
          if git diff --quiet -- bun.lock; then
            exit 0
          fi
          git config user.name "github-actions[bot]"
          git config user.email "41898282+github-actions[bot]@users.noreply.github.com"
          git add bun.lock
          git commit -m "chore: refresh screen authoring lockfile"
          git push origin HEAD:feat/583-screen-metadata-authoring-engine
