name: Refresh auth migration lock

on:
  push:
    branches:
      - refactor/537-zora-auth-screen

permissions:
  contents: write

jobs:
  refresh:
    if: github.actor != 'github-actions[bot]'
    runs-on: ubuntu-latest
    steps:
      - name: Checkout branch
        uses: actions/checkout@v4
        with:
          ref: refactor/537-zora-auth-screen
      - name: Setup Bun
        uses: oven-sh/setup-bun@v2
        with:
          bun-version: '1.4.2'
      - name: Refresh lockfile
        run: bun install --ignore-scripts
      - name: Commit lockfile
        run: |
          if git diff --quiet -- bun.lock; then
            echo "Lockfile already current."
            exit 0
          fi
          git config user.name "github-actions[bot]"
          git config user.email "41898282+github-actions[bot]@users.noreply.github.com"
          git add bun.lock
          git commit -m "chore(auth): refresh ZORA lockfile"
          git push
